dependencies:
- alias: ""
  condition: ""
  enabled: false
  import-values: null
  name: postgresql
  repository: https://kubernetes-charts.storage.googleapis.com/
  tags: null
  version: 0.7.1
- alias: ""
  condition: ""
  enabled: false
  import-values: null
  name: redis
  repository: https://kubernetes-charts.storage.googleapis.com/
  tags: null
  version: 0.8.1
digest: sha256:1f62be84d5de90386adc37b22da0a9d836ac6514ca9b525da3da1e40da29a343
generated: 2017-07-27T13:37:51.615133589+02:00
